
Microsoft Visual Studio Solution File, Format Version 12.00
# Visual Studio Version 17
VisualStudioVersion = 17.10.34928.147
MinimumVisualStudioVersion = 10.0.40219.1
Project("{FAE04EC0-301F-11D3-BF4B-00C04F79EFBC}") = "TimeOnTheTop", "TimeOnTheTop\TimeOnTheTop.csproj", "{24DDD8AC-85E2-4ED9-A8C2-9AB6AC49D5C2}"
EndProject
Global
	GlobalSection(SolutionConfigurationPlatforms) = preSolution
		Debug|Any CPU = Debug|Any CPU
		Release|Any CPU = Release|Any CPU
	EndGlobalSection
	GlobalSection(ProjectConfigurationPlatforms) = postSolution
		{24DDD8AC-85E2-4ED9-A8C2-9AB6AC49D5C2}.Debug|Any CPU.ActiveCfg = Debug|Any CPU
		{24DDD8AC-85E2-4ED9-A8C2-9AB6AC49D5C2}.Debug|Any CPU.Build.0 = Debug|Any CPU
		{24DDD8AC-85E2-4ED9-A8C2-9AB6AC49D5C2}.Release|Any CPU.ActiveCfg = Release|Any CPU
		{24DDD8AC-85E2-4ED9-A8C2-9AB6AC49D5C2}.Release|Any CPU.Build.0 = Release|Any CPU
	EndGlobalSection
	GlobalSection(SolutionProperties) = preSolution
		HideSolutionNode = FALSE
	EndGlobalSection
	GlobalSection(ExtensibilityGlobals) = postSolution
		SolutionGuid = {E8CB96AE-25FD-46EA-AB57-B5097EE55D56}
	EndGlobalSection
EndGlobal
